
Microsoft Visual Studio Solution File, Format Version 12.00
# Visual Studio Version 17
VisualStudioVersion = 17.11.35303.130
MinimumVisualStudioVersion = 10.0.40219.1
Project("{2150E333-8FDC-42A3-9474-1A3956D46DE8}") = "Task0", "Task0", "{3F995F7B-3E60-44C0-B789-29C38D501EB6}"
EndProject
Project("{2150E333-8FDC-42A3-9474-1A3956D46DE8}") = "Task1", "Task1", "{4779829C-BED1-4A79-A7F2-A5BE12E3AAC7}"
EndProject
Project("{2150E333-8FDC-42A3-9474-1A3956D46DE8}") = "Task2", "Task2", "{A7024097-0D6C-43B7-BB0A-2735B227E32F}"
EndProject
Project("{2150E333-8FDC-42A3-9474-1A3956D46DE8}") = "Task3", "Task3", "{3FFF5DAC-5255-42E1-8E3F-EF6D8A3D8F00}"
EndProject
Project("{2150E333-8FDC-42A3-9474-1A3956D46DE8}") = "Task4", "Task4", "{6F413ECA-12FA-4EA8-8866-02B9DC9F96FA}"
EndProject
Project("{2150E333-8FDC-42A3-9474-1A3956D46DE8}") = "Task5", "Task5", "{F96D8F40-8BCB-4F01-A525-BC4E65AF7A98}"
EndProject
Project("{2150E333-8FDC-42A3-9474-1A3956D46DE8}") = "Task6", "Task6", "{4D3E23B7-C26E-4E5B-ACE4-BC6E37F30307}"
EndProject
Project("{2150E333-8FDC-42A3-9474-1A3956D46DE8}") = "Task7", "Task7", "{D6DF17EA-0818-40A0-A81D-449C12DAFA9A}"
EndProject
Project("{9A19103F-16F7-4668-BE54-9A1E7A4F7556}") = "Tyuiu.CherkashinMM.Sprint0.Task1.V0", "Tyuiu.CherkashinMM.Sprint0.Task1.V0\Tyuiu.CherkashinMM.Sprint0.Task1.V0.csproj", "{4BAB6F87-9C12-44F0-BF3D-0BBA1E8EB547}"
EndProject
Project("{9A19103F-16F7-4668-BE54-9A1E7A4F7556}") = "Tyuiu.CherkashinMM.Sprint0.Task0.V0", "Tyuiu.CherkashinMM.Sprint0.Task0.V0\Tyuiu.CherkashinMM.Sprint0.Task0.V0.csproj", "{70D158DB-2B39-4F88-8D2E-76B473E0AC22}"
EndProject
Project("{9A19103F-16F7-4668-BE54-9A1E7A4F7556}") = "Tyuiu.CherkashinMM.Sprint0.Task3.V0", "Tyuiu.CherkashinMM.Sprint0.Task3.V0\Tyuiu.CherkashinMM.Sprint0.Task3.V0.csproj", "{70D51AD2-0D68-4159-885C-4A41DBDF41C5}"
EndProject
Project("{9A19103F-16F7-4668-BE54-9A1E7A4F7556}") = "Tyuiu.CherkashinMM.Sprint0.Task4.V0", "Tyuiu.CherkashinMM.Sprint0.Task4.V0\Tyuiu.CherkashinMM.Sprint0.Task4.V0.csproj", "{D8D0CBA9-2AD4-41F1-A364-531C25DE0E4D}"
EndProject
Project("{9A19103F-16F7-4668-BE54-9A1E7A4F7556}") = "Tyuiu.CherkashinMM.Sprint0.Task5.V0", "Tyuiu.CherkashinMM.Sprint0.Task5.V0\Tyuiu.CherkashinMM.Sprint0.Task5.V0.csproj", "{E24BB7D4-2B62-4921-A479-188E078B0629}"
EndProject
Project("{FAE04EC0-301F-11D3-BF4B-00C04F79EFBC}") = "Tyuiu.CherkashinMM.Sprint0.Task6.V0", "Tyuiu.CherkashinMM.Sprint0.Task6.V0\Tyuiu.CherkashinMM.Sprint0.Task6.V0.csproj", "{E53651B6-D177-4BCF-A9BD-63996B673840}"
EndProject
Project("{FAE04EC0-301F-11D3-BF4B-00C04F79EFBC}") = "Tyuiu.CherkashinMM.Sprint0.Task7.V0", "Tyuiu.CherkashinMM.Sprint0.Task7.V0\Tyuiu.CherkashinMM.Sprint0.Task7.V0.csproj", "{DB0201D4-BFBC-4580-9544-00A0C51BF0F6}"
EndProject
Project("{FAE04EC0-301F-11D3-BF4B-00C04F79EFBC}") = "Tyuiu.CherkashinMM.Sprint0.Task7.V0.Lib", "Tyuiu.CherkashinMM.Sprint0.Task7.V0.Lib\Tyuiu.CherkashinMM.Sprint0.Task7.V0.Lib.csproj", "{7A156407-C6CC-44FD-9D40-F643181DD909}"
EndProject
Project("{FAE04EC0-301F-11D3-BF4B-00C04F79EFBC}") = "Tyuiu.CherkashinMM.Sprint0.Task7.V0.Test", "Tyuiu.CherkashinMM.Sprint0.Task7.V0.Test\Tyuiu.CherkashinMM.Sprint0.Task7.V0.Test.csproj", "{1E6F739C-F326-4144-931C-A454E3F35927}"
EndProject
Project("{FAE04EC0-301F-11D3-BF4B-00C04F79EFBC}") = "Tyuiu.CherkashinMM.Sprint0.Task6.V0.Lib", "Tyuiu.CherkashinMM.Sprint0.Task6.V0.Lib\Tyuiu.CherkashinMM.Sprint0.Task6.V0.Lib.csproj", "{8E2D5A23-CE30-4877-BF53-759CCC589D60}"
EndProject
Project("{FAE04EC0-301F-11D3-BF4B-00C04F79EFBC}") = "Tyuiu.CherkashinMM.Sprint0.Task6.V0.Test", "Tyuiu.CherkashinMM.Sprint0.Task6.V0.Test\Tyuiu.CherkashinMM.Sprint0.Task6.V0.Test.csproj", "{A58B07CA-7736-4F70-BFFD-5950748D3490}"
EndProject
Project("{FAE04EC0-301F-11D3-BF4B-00C04F79EFBC}") = "Tyuiu.CherkashinMM.Sprint0.Task3.V0.Test", "Tyuiu.CherkashinMM.Sprint0.Task3.V0.Test\Tyuiu.CherkashinMM.Sprint0.Task3.V0.Test.csproj", "{7D393D41-5071-4320-99B0-FB9E51CDD37E}"
EndProject
Project("{FAE04EC0-301F-11D3-BF4B-00C04F79EFBC}") = "Tyuiu.CherkashinMM.Sprint0.Task2.V0.Test", "Tyuiu.CherkashinMM.Sprint0.Task2.V0.Test\Tyuiu.CherkashinMM.Sprint0.Task2.V0.Test.csproj", "{721CCA82-A2A5-444E-87F0-0A79CA2709B5}"
EndProject
Project("{FAE04EC0-301F-11D3-BF4B-00C04F79EFBC}") = "Tyuiu.CherkashinMM.Sprint0.Task4.V0.Test", "Tyuiu.CherkashinMM.Sprint0.Task4.V0.Test\Tyuiu.CherkashinMM.Sprint0.Task4.V0.Test.csproj", "{176EFFFA-6316-408B-847A-8FDFEDBA2A51}"
EndProject
Project("{FAE04EC0-301F-11D3-BF4B-00C04F79EFBC}") = "Tyuiu.CherkashinMM.Sprint0.Task5.V0.Test", "Tyuiu.CherkashinMM.Sprint0.Task5.V0.Test\Tyuiu.CherkashinMM.Sprint0.Task5.V0.Test.csproj", "{B7F29490-5C88-4B38-9484-563E91539B63}"
EndProject
Project("{FAE04EC0-301F-11D3-BF4B-00C04F79EFBC}") = "Tyuiu.CherkashinMM.Sprint0.Task2.V0.Lib", "Tyuiu.CherkashinMM.Sprint0.Task2.V0.Lib\Tyuiu.CherkashinMM.Sprint0.Task2.V0.Lib.csproj", "{91D268F5-0A56-408F-9CCA-8624D370FFF9}"
EndProject
Project("{FAE04EC0-301F-11D3-BF4B-00C04F79EFBC}") = "Tyuiu.CherkashinMM.Sprint0.Task2.V0", "Tyuiu.CherkashinMM.Sprint0.Task2.V0\Tyuiu.CherkashinMM.Sprint0.Task2.V0.csproj", "{3AAD5378-179D-4ADC-A14B-282AB7B373EE}"
EndProject
Project("{FAE04EC0-301F-11D3-BF4B-00C04F79EFBC}") = "Tyuiu.CherkashinMM.Sprint0.Task3.V0.Lib", "Tyuiu.CherkashinMM.Sprint0.Task3.V0.Lib\Tyuiu.CherkashinMM.Sprint0.Task3.V0.Lib.csproj", "{5E8C2525-C0CF-4248-A824-C4EF718F01C8}"
EndProject
Project("{FAE04EC0-301F-11D3-BF4B-00C04F79EFBC}") = "Tyuiu.CherkashinMM.Sprint0.Task4.V0.Lib", "Tyuiu.CherkashinMM.Sprint0.Task4.V0.Lib\Tyuiu.CherkashinMM.Sprint0.Task4.V0.Lib.csproj", "{AD112EE2-67D0-497B-BFF3-0C1106350AEA}"
EndProject
Project("{FAE04EC0-301F-11D3-BF4B-00C04F79EFBC}") = "Tyuiu.CherkashinMM.Sprint0.Task5.V0.Lib", "Tyuiu.CherkashinMM.Sprint0.Task5.V0.Lib\Tyuiu.CherkashinMM.Sprint0.Task5.V0.Lib.csproj", "{9AE2E96F-5136-421E-88EB-A870EC1FE43F}"
EndProject
Global
	GlobalSection(SolutionConfigurationPlatforms) = preSolution
		Debug|Any CPU = Debug|Any CPU
		Release|Any CPU = Release|Any CPU
	EndGlobalSection
	GlobalSection(ProjectConfigurationPlatforms) = postSolution
		{4BAB6F87-9C12-44F0-BF3D-0BBA1E8EB547}.Debug|Any CPU.ActiveCfg = Debug|Any CPU
		{4BAB6F87-9C12-44F0-BF3D-0BBA1E8EB547}.Debug|Any CPU.Build.0 = Debug|Any CPU
		{4BAB6F87-9C12-44F0-BF3D-0BBA1E8EB547}.Release|Any CPU.ActiveCfg = Release|Any CPU
		{4BAB6F87-9C12-44F0-BF3D-0BBA1E8EB547}.Release|Any CPU.Build.0 = Release|Any CPU
		{70D158DB-2B39-4F88-8D2E-76B473E0AC22}.Debug|Any CPU.ActiveCfg = Debug|Any CPU
		{70D158DB-2B39-4F88-8D2E-76B473E0AC22}.Debug|Any CPU.Build.0 = Debug|Any CPU
		{70D158DB-2B39-4F88-8D2E-76B473E0AC22}.Release|Any CPU.ActiveCfg = Release|Any CPU
		{70D158DB-2B39-4F88-8D2E-76B473E0AC22}.Release|Any CPU.Build.0 = Release|Any CPU
		{70D51AD2-0D68-4159-885C-4A41DBDF41C5}.Debug|Any CPU.ActiveCfg = Debug|Any CPU
		{70D51AD2-0D68-4159-885C-4A41DBDF41C5}.Debug|Any CPU.Build.0 = Debug|Any CPU
		{70D51AD2-0D68-4159-885C-4A41DBDF41C5}.Release|Any CPU.ActiveCfg = Release|Any CPU
		{70D51AD2-0D68-4159-885C-4A41DBDF41C5}.Release|Any CPU.Build.0 = Release|Any CPU
		{D8D0CBA9-2AD4-41F1-A364-531C25DE0E4D}.Debug|Any CPU.ActiveCfg = Debug|Any CPU
		{D8D0CBA9-2AD4-41F1-A364-531C25DE0E4D}.Debug|Any CPU.Build.0 = Debug|Any CPU
		{D8D0CBA9-2AD4-41F1-A364-531C25DE0E4D}.Release|Any CPU.ActiveCfg = Release|Any CPU
		{D8D0CBA9-2AD4-41F1-A364-531C25DE0E4D}.Release|Any CPU.Build.0 = Release|Any CPU
		{E24BB7D4-2B62-4921-A479-188E078B0629}.Debug|Any CPU.ActiveCfg = Debug|Any CPU
		{E24BB7D4-2B62-4921-A479-188E078B0629}.Debug|Any CPU.Build.0 = Debug|Any CPU
		{E24BB7D4-2B62-4921-A479-188E078B0629}.Release|Any CPU.ActiveCfg = Release|Any CPU
		{E24BB7D4-2B62-4921-A479-188E078B0629}.Release|Any CPU.Build.0 = Release|Any CPU
		{E53651B6-D177-4BCF-A9BD-63996B673840}.Debug|Any CPU.ActiveCfg = Debug|Any CPU
		{E53651B6-D177-4BCF-A9BD-63996B673840}.Debug|Any CPU.Build.0 = Debug|Any CPU
		{E53651B6-D177-4BCF-A9BD-63996B673840}.Release|Any CPU.ActiveCfg = Release|Any CPU
		{E53651B6-D177-4BCF-A9BD-63996B673840}.Release|Any CPU.Build.0 = Release|Any CPU
		{DB0201D4-BFBC-4580-9544-00A0C51BF0F6}.Debug|Any CPU.ActiveCfg = Debug|Any CPU
		{DB0201D4-BFBC-4580-9544-00A0C51BF0F6}.Debug|Any CPU.Build.0 = Debug|Any CPU
		{DB0201D4-BFBC-4580-9544-00A0C51BF0F6}.Release|Any CPU.ActiveCfg = Release|Any CPU
		{DB0201D4-BFBC-4580-9544-00A0C51BF0F6}.Release|Any CPU.Build.0 = Release|Any CPU
		{7A156407-C6CC-44FD-9D40-F643181DD909}.Debug|Any CPU.ActiveCfg = Debug|Any CPU
		{7A156407-C6CC-44FD-9D40-F643181DD909}.Debug|Any CPU.Build.0 = Debug|Any CPU
		{7A156407-C6CC-44FD-9D40-F643181DD909}.Release|Any CPU.ActiveCfg = Release|Any CPU
		{7A156407-C6CC-44FD-9D40-F643181DD909}.Release|Any CPU.Build.0 = Release|Any CPU
		{1E6F739C-F326-4144-931C-A454E3F35927}.Debug|Any CPU.ActiveCfg = Debug|Any CPU
		{1E6F739C-F326-4144-931C-A454E3F35927}.Debug|Any CPU.Build.0 = Debug|Any CPU
		{1E6F739C-F326-4144-931C-A454E3F35927}.Release|Any CPU.ActiveCfg = Release|Any CPU
		{1E6F739C-F326-4144-931C-A454E3F35927}.Release|Any CPU.Build.0 = Release|Any CPU
		{8E2D5A23-CE30-4877-BF53-759CCC589D60}.Debug|Any CPU.ActiveCfg = Debug|Any CPU
		{8E2D5A23-CE30-4877-BF53-759CCC589D60}.Debug|Any CPU.Build.0 = Debug|Any CPU
		{8E2D5A23-CE30-4877-BF53-759CCC589D60}.Release|Any CPU.ActiveCfg = Release|Any CPU
		{8E2D5A23-CE30-4877-BF53-759CCC589D60}.Release|Any CPU.Build.0 = Release|Any CPU
		{A58B07CA-7736-4F70-BFFD-5950748D3490}.Debug|Any CPU.ActiveCfg = Debug|Any CPU
		{A58B07CA-7736-4F70-BFFD-5950748D3490}.Debug|Any CPU.Build.0 = Debug|Any CPU
		{A58B07CA-7736-4F70-BFFD-5950748D3490}.Release|Any CPU.ActiveCfg = Release|Any CPU
		{A58B07CA-7736-4F70-BFFD-5950748D3490}.Release|Any CPU.Build.0 = Release|Any CPU
		{7D393D41-5071-4320-99B0-FB9E51CDD37E}.Debug|Any CPU.ActiveCfg = Debug|Any CPU
		{7D393D41-5071-4320-99B0-FB9E51CDD37E}.Debug|Any CPU.Build.0 = Debug|Any CPU
		{7D393D41-5071-4320-99B0-FB9E51CDD37E}.Release|Any CPU.ActiveCfg = Release|Any CPU
		{7D393D41-5071-4320-99B0-FB9E51CDD37E}.Release|Any CPU.Build.0 = Release|Any CPU
		{721CCA82-A2A5-444E-87F0-0A79CA2709B5}.Debug|Any CPU.ActiveCfg = Debug|Any CPU
		{721CCA82-A2A5-444E-87F0-0A79CA2709B5}.Debug|Any CPU.Build.0 = Debug|Any CPU
		{721CCA82-A2A5-444E-87F0-0A79CA2709B5}.Release|Any CPU.ActiveCfg = Release|Any CPU
		{721CCA82-A2A5-444E-87F0-0A79CA2709B5}.Release|Any CPU.Build.0 = Release|Any CPU
		{176EFFFA-6316-408B-847A-8FDFEDBA2A51}.Debug|Any CPU.ActiveCfg = Debug|Any CPU
		{176EFFFA-6316-408B-847A-8FDFEDBA2A51}.Debug|Any CPU.Build.0 = Debug|Any CPU
		{176EFFFA-6316-408B-847A-8FDFEDBA2A51}.Release|Any CPU.ActiveCfg = Release|Any CPU
		{176EFFFA-6316-408B-847A-8FDFEDBA2A51}.Release|Any CPU.Build.0 = Release|Any CPU
		{B7F29490-5C88-4B38-9484-563E91539B63}.Debug|Any CPU.ActiveCfg = Debug|Any CPU
		{B7F29490-5C88-4B38-9484-563E91539B63}.Debug|Any CPU.Build.0 = Debug|Any CPU
		{B7F29490-5C88-4B38-9484-563E91539B63}.Release|Any CPU.ActiveCfg = Release|Any CPU
		{B7F29490-5C88-4B38-9484-563E91539B63}.Release|Any CPU.Build.0 = Release|Any CPU
		{91D268F5-0A56-408F-9CCA-8624D370FFF9}.Debug|Any CPU.ActiveCfg = Debug|Any CPU
		{91D268F5-0A56-408F-9CCA-8624D370FFF9}.Debug|Any CPU.Build.0 = Debug|Any CPU
		{91D268F5-0A56-408F-9CCA-8624D370FFF9}.Release|Any CPU.ActiveCfg = Release|Any CPU
		{91D268F5-0A56-408F-9CCA-8624D370FFF9}.Release|Any CPU.Build.0 = Release|Any CPU
		{3AAD5378-179D-4ADC-A14B-282AB7B373EE}.Debug|Any CPU.ActiveCfg = Debug|Any CPU
		{3AAD5378-179D-4ADC-A14B-282AB7B373EE}.Debug|Any CPU.Build.0 = Debug|Any CPU
		{3AAD5378-179D-4ADC-A14B-282AB7B373EE}.Release|Any CPU.ActiveCfg = Release|Any CPU
		{3AAD5378-179D-4ADC-A14B-282AB7B373EE}.Release|Any CPU.Build.0 = Release|Any CPU
		{5E8C2525-C0CF-4248-A824-C4EF718F01C8}.Debug|Any CPU.ActiveCfg = Debug|Any CPU
		{5E8C2525-C0CF-4248-A824-C4EF718F01C8}.Debug|Any CPU.Build.0 = Debug|Any CPU
		{5E8C2525-C0CF-4248-A824-C4EF718F01C8}.Release|Any CPU.ActiveCfg = Release|Any CPU
		{5E8C2525-C0CF-4248-A824-C4EF718F01C8}.Release|Any CPU.Build.0 = Release|Any CPU
		{AD112EE2-67D0-497B-BFF3-0C1106350AEA}.Debug|Any CPU.ActiveCfg = Debug|Any CPU
		{AD112EE2-67D0-497B-BFF3-0C1106350AEA}.Debug|Any CPU.Build.0 = Debug|Any CPU
		{AD112EE2-67D0-497B-BFF3-0C1106350AEA}.Release|Any CPU.ActiveCfg = Release|Any CPU
		{AD112EE2-67D0-497B-BFF3-0C1106350AEA}.Release|Any CPU.Build.0 = Release|Any CPU
		{9AE2E96F-5136-421E-88EB-A870EC1FE43F}.Debug|Any CPU.ActiveCfg = Debug|Any CPU
		{9AE2E96F-5136-421E-88EB-A870EC1FE43F}.Debug|Any CPU.Build.0 = Debug|Any CPU
		{9AE2E96F-5136-421E-88EB-A870EC1FE43F}.Release|Any CPU.ActiveCfg = Release|Any CPU
		{9AE2E96F-5136-421E-88EB-A870EC1FE43F}.Release|Any CPU.Build.0 = Release|Any CPU
	EndGlobalSection
	GlobalSection(SolutionProperties) = preSolution
		HideSolutionNode = FALSE
	EndGlobalSection
	GlobalSection(NestedProjects) = preSolution
		{4BAB6F87-9C12-44F0-BF3D-0BBA1E8EB547} = {4779829C-BED1-4A79-A7F2-A5BE12E3AAC7}
		{70D158DB-2B39-4F88-8D2E-76B473E0AC22} = {3F995F7B-3E60-44C0-B789-29C38D501EB6}
		{70D51AD2-0D68-4159-885C-4A41DBDF41C5} = {3FFF5DAC-5255-42E1-8E3F-EF6D8A3D8F00}
		{D8D0CBA9-2AD4-41F1-A364-531C25DE0E4D} = {6F413ECA-12FA-4EA8-8866-02B9DC9F96FA}
		{E24BB7D4-2B62-4921-A479-188E078B0629} = {F96D8F40-8BCB-4F01-A525-BC4E65AF7A98}
		{E53651B6-D177-4BCF-A9BD-63996B673840} = {4D3E23B7-C26E-4E5B-ACE4-BC6E37F30307}
		{DB0201D4-BFBC-4580-9544-00A0C51BF0F6} = {D6DF17EA-0818-40A0-A81D-449C12DAFA9A}
		{7A156407-C6CC-44FD-9D40-F643181DD909} = {D6DF17EA-0818-40A0-A81D-449C12DAFA9A}
		{1E6F739C-F326-4144-931C-A454E3F35927} = {D6DF17EA-0818-40A0-A81D-449C12DAFA9A}
		{8E2D5A23-CE30-4877-BF53-759CCC589D60} = {4D3E23B7-C26E-4E5B-ACE4-BC6E37F30307}
		{A58B07CA-7736-4F70-BFFD-5950748D3490} = {4D3E23B7-C26E-4E5B-ACE4-BC6E37F30307}
		{7D393D41-5071-4320-99B0-FB9E51CDD37E} = {3FFF5DAC-5255-42E1-8E3F-EF6D8A3D8F00}
		{721CCA82-A2A5-444E-87F0-0A79CA2709B5} = {A7024097-0D6C-43B7-BB0A-2735B227E32F}
		{176EFFFA-6316-408B-847A-8FDFEDBA2A51} = {6F413ECA-12FA-4EA8-8866-02B9DC9F96FA}
		{B7F29490-5C88-4B38-9484-563E91539B63} = {F96D8F40-8BCB-4F01-A525-BC4E65AF7A98}
		{91D268F5-0A56-408F-9CCA-8624D370FFF9} = {A7024097-0D6C-43B7-BB0A-2735B227E32F}
		{3AAD5378-179D-4ADC-A14B-282AB7B373EE} = {A7024097-0D6C-43B7-BB0A-2735B227E32F}
		{5E8C2525-C0CF-4248-A824-C4EF718F01C8} = {3FFF5DAC-5255-42E1-8E3F-EF6D8A3D8F00}
		{AD112EE2-67D0-497B-BFF3-0C1106350AEA} = {6F413ECA-12FA-4EA8-8866-02B9DC9F96FA}
		{9AE2E96F-5136-421E-88EB-A870EC1FE43F} = {F96D8F40-8BCB-4F01-A525-BC4E65AF7A98}
	EndGlobalSection
	GlobalSection(ExtensibilityGlobals) = postSolution
		SolutionGuid = {3FA91D89-365F-45F4-BD6A-33DEEADD9CF2}
	EndGlobalSection
EndGlobal
