
Microsoft Visual Studio Solution File, Format Version 12.00
# Visual Studio Version 17
VisualStudioVersion = 17.11.35303.130
MinimumVisualStudioVersion = 10.0.40219.1
Project("{2150E333-8FDC-42A3-9474-1A3956D46DE8}") = "Task0", "Task0", "{3F995F7B-3E60-44C0-B789-29C38D501EB6}"
EndProject
Project("{FAE04EC0-301F-11D3-BF4B-00C04F79EFBC}") = "Tyuiu.CherkashinMM.Sprint0.Task0.V0", "Tyuiu.CherkashinMM.Sprint0.Task0.V0\Tyuiu.CherkashinMM.Sprint0.Task0.V0.csproj", "{D5182C9D-7F12-485C-964D-37FBCB0D84A3}"
EndProject
Project("{2150E333-8FDC-42A3-9474-1A3956D46DE8}") = "Task1", "Task1", "{4779829C-BED1-4A79-A7F2-A5BE12E3AAC7}"
EndProject
Project("{FAE04EC0-301F-11D3-BF4B-00C04F79EFBC}") = "Tyuiu.CherkashinMM.Sprint0.Task1.V0", "Tyuiu.CherkashinMM.Sprint0.Task1.V0\Tyuiu.CherkashinMM.Sprint0.Task1.V0.csproj", "{D6FF5647-022D-4584-B5B8-0DF3FFC76A34}"
EndProject
Project("{2150E333-8FDC-42A3-9474-1A3956D46DE8}") = "Task2", "Task2", "{A7024097-0D6C-43B7-BB0A-2735B227E32F}"
EndProject
Project("{FAE04EC0-301F-11D3-BF4B-00C04F79EFBC}") = "Tyuiu.CherkashinMM.Sprint0.Task2.V0", "Tyuiu.CherkashinMM.Sprint0.Task2.V0\Tyuiu.CherkashinMM.Sprint0.Task2.V0.csproj", "{CF37E086-3F13-49A4-BD88-D92CA14B0270}"
EndProject
Project("{FAE04EC0-301F-11D3-BF4B-00C04F79EFBC}") = "Tyuiu.CherkashinMM.Sprint0.Task2.V0.Lib", "Tyuiu.CherkashinMM.Sprint0.Task.V0.Lib\Tyuiu.CherkashinMM.Sprint0.Task2.V0.Lib.csproj", "{263F5C2C-8702-4C8B-84ED-05882C077DC5}"
EndProject
Project("{FAE04EC0-301F-11D3-BF4B-00C04F79EFBC}") = "Tyuiu.CherkashinMM.Sprint0.Task2.Test", "Tyuiu.CherkashinMM.Sprint0.Task.Test\Tyuiu.CherkashinMM.Sprint0.Task2.Test.csproj", "{47923FE5-4756-4892-8E2F-7B70E91C15A0}"
EndProject
Project("{2150E333-8FDC-42A3-9474-1A3956D46DE8}") = "Task3", "Task3", "{3FFF5DAC-5255-42E1-8E3F-EF6D8A3D8F00}"
EndProject
Project("{FAE04EC0-301F-11D3-BF4B-00C04F79EFBC}") = "Tyuiu.CherkashinMM.Sprint0.Task3.V0.Test", "Tyuiu.CherkashinMM.Sprint0.Task3.V0.Test\Tyuiu.CherkashinMM.Sprint0.Task3.V0.Test.csproj", "{47F493C7-BD33-413A-B1A8-C14092C68C93}"
EndProject
Project("{FAE04EC0-301F-11D3-BF4B-00C04F79EFBC}") = "Tyuiu.CherkashinMM.Sprint0.Task3.V0.Lib", "Tyuiu.CherkashinMM.Sprint0.Task3.V0.Lib\Tyuiu.CherkashinMM.Sprint0.Task3.V0.Lib.csproj", "{3E83EB6C-EC3E-423F-A985-6580EDFDB85B}"
EndProject
Project("{FAE04EC0-301F-11D3-BF4B-00C04F79EFBC}") = "Tyuiu.CherkashinMM.Sprint0.Task3.V0", "Tyuiu.CherkashinMM.Sprint0.Task3.V0\Tyuiu.CherkashinMM.Sprint0.Task3.V0.csproj", "{23DA1C0F-01EA-4BFB-ABCC-588B57F80446}"
EndProject
Project("{2150E333-8FDC-42A3-9474-1A3956D46DE8}") = "Task4", "Task4", "{6F413ECA-12FA-4EA8-8866-02B9DC9F96FA}"
EndProject
Project("{FAE04EC0-301F-11D3-BF4B-00C04F79EFBC}") = "Tyuiu.CherkashinMM.Sprint0.Task4.V0.Lib", "Tyuiu.CherkashinMM.Sprint0.Task4.V0.Lib\Tyuiu.CherkashinMM.Sprint0.Task4.V0.Lib.csproj", "{989FCDB7-5B08-4624-AA18-76D1AD9F6AF7}"
EndProject
Project("{FAE04EC0-301F-11D3-BF4B-00C04F79EFBC}") = "Tyuiu.CherkashinMM.Sprint0.Task4.V0", "Tyuiu.CherkashinMM.Sprint0.Task4.V0\Tyuiu.CherkashinMM.Sprint0.Task4.V0.csproj", "{FBF1C3D2-0E09-4FFE-81F0-882B3E89697E}"
EndProject
Project("{FAE04EC0-301F-11D3-BF4B-00C04F79EFBC}") = "Tyuiu.CherkashinMM.Sprint0.Task4.V0.Test", "Tyuiu.CherkashinMM.Sprint0.Task4.V0.Test\Tyuiu.CherkashinMM.Sprint0.Task4.V0.Test.csproj", "{E2F06F62-3059-4C95-AC02-AB46AB591D11}"
EndProject
Project("{2150E333-8FDC-42A3-9474-1A3956D46DE8}") = "Task5", "Task5", "{F96D8F40-8BCB-4F01-A525-BC4E65AF7A98}"
EndProject
Project("{FAE04EC0-301F-11D3-BF4B-00C04F79EFBC}") = "Tyuiu.CherkashinMM.Sprint0.Task5.V0", "Tyuiu.CherkashinMM.Sprint0.Task5.V0\Tyuiu.CherkashinMM.Sprint0.Task5.V0.csproj", "{011865EE-C71C-43F1-B940-9A657383653C}"
EndProject
Project("{FAE04EC0-301F-11D3-BF4B-00C04F79EFBC}") = "Tyuiu.CherkashinMM.Sprint0.Task5.V0.Test", "Tyuiu.CherkashinMM.Sprint0.Task5.V0.Test\Tyuiu.CherkashinMM.Sprint0.Task5.V0.Test.csproj", "{D2239D8E-4D64-4F97-A9B8-E27B30ED3E81}"
EndProject
Project("{FAE04EC0-301F-11D3-BF4B-00C04F79EFBC}") = "Tyuiu.CherkashinMM.Sprint0.Task5.V0.Lib", "Tyuiu.CherkashinMM.Sprint0.Task5.V0.Lib\Tyuiu.CherkashinMM.Sprint0.Task5.V0.Lib.csproj", "{33D180C4-3C60-4D97-A609-0BA478971CC8}"
EndProject
Global
	GlobalSection(SolutionConfigurationPlatforms) = preSolution
		Debug|Any CPU = Debug|Any CPU
		Release|Any CPU = Release|Any CPU
	EndGlobalSection
	GlobalSection(ProjectConfigurationPlatforms) = postSolution
		{D5182C9D-7F12-485C-964D-37FBCB0D84A3}.Debug|Any CPU.ActiveCfg = Debug|Any CPU
		{D5182C9D-7F12-485C-964D-37FBCB0D84A3}.Debug|Any CPU.Build.0 = Debug|Any CPU
		{D5182C9D-7F12-485C-964D-37FBCB0D84A3}.Release|Any CPU.ActiveCfg = Release|Any CPU
		{D5182C9D-7F12-485C-964D-37FBCB0D84A3}.Release|Any CPU.Build.0 = Release|Any CPU
		{D6FF5647-022D-4584-B5B8-0DF3FFC76A34}.Debug|Any CPU.ActiveCfg = Debug|Any CPU
		{D6FF5647-022D-4584-B5B8-0DF3FFC76A34}.Debug|Any CPU.Build.0 = Debug|Any CPU
		{D6FF5647-022D-4584-B5B8-0DF3FFC76A34}.Release|Any CPU.ActiveCfg = Release|Any CPU
		{D6FF5647-022D-4584-B5B8-0DF3FFC76A34}.Release|Any CPU.Build.0 = Release|Any CPU
		{CF37E086-3F13-49A4-BD88-D92CA14B0270}.Debug|Any CPU.ActiveCfg = Debug|Any CPU
		{CF37E086-3F13-49A4-BD88-D92CA14B0270}.Debug|Any CPU.Build.0 = Debug|Any CPU
		{CF37E086-3F13-49A4-BD88-D92CA14B0270}.Release|Any CPU.ActiveCfg = Release|Any CPU
		{CF37E086-3F13-49A4-BD88-D92CA14B0270}.Release|Any CPU.Build.0 = Release|Any CPU
		{263F5C2C-8702-4C8B-84ED-05882C077DC5}.Debug|Any CPU.ActiveCfg = Debug|Any CPU
		{263F5C2C-8702-4C8B-84ED-05882C077DC5}.Debug|Any CPU.Build.0 = Debug|Any CPU
		{263F5C2C-8702-4C8B-84ED-05882C077DC5}.Release|Any CPU.ActiveCfg = Release|Any CPU
		{263F5C2C-8702-4C8B-84ED-05882C077DC5}.Release|Any CPU.Build.0 = Release|Any CPU
		{47923FE5-4756-4892-8E2F-7B70E91C15A0}.Debug|Any CPU.ActiveCfg = Debug|Any CPU
		{47923FE5-4756-4892-8E2F-7B70E91C15A0}.Debug|Any CPU.Build.0 = Debug|Any CPU
		{47923FE5-4756-4892-8E2F-7B70E91C15A0}.Release|Any CPU.ActiveCfg = Release|Any CPU
		{47923FE5-4756-4892-8E2F-7B70E91C15A0}.Release|Any CPU.Build.0 = Release|Any CPU
		{47F493C7-BD33-413A-B1A8-C14092C68C93}.Debug|Any CPU.ActiveCfg = Debug|Any CPU
		{47F493C7-BD33-413A-B1A8-C14092C68C93}.Debug|Any CPU.Build.0 = Debug|Any CPU
		{47F493C7-BD33-413A-B1A8-C14092C68C93}.Release|Any CPU.ActiveCfg = Release|Any CPU
		{47F493C7-BD33-413A-B1A8-C14092C68C93}.Release|Any CPU.Build.0 = Release|Any CPU
		{3E83EB6C-EC3E-423F-A985-6580EDFDB85B}.Debug|Any CPU.ActiveCfg = Debug|Any CPU
		{3E83EB6C-EC3E-423F-A985-6580EDFDB85B}.Debug|Any CPU.Build.0 = Debug|Any CPU
		{3E83EB6C-EC3E-423F-A985-6580EDFDB85B}.Release|Any CPU.ActiveCfg = Release|Any CPU
		{3E83EB6C-EC3E-423F-A985-6580EDFDB85B}.Release|Any CPU.Build.0 = Release|Any CPU
		{23DA1C0F-01EA-4BFB-ABCC-588B57F80446}.Debug|Any CPU.ActiveCfg = Debug|Any CPU
		{23DA1C0F-01EA-4BFB-ABCC-588B57F80446}.Debug|Any CPU.Build.0 = Debug|Any CPU
		{23DA1C0F-01EA-4BFB-ABCC-588B57F80446}.Release|Any CPU.ActiveCfg = Release|Any CPU
		{23DA1C0F-01EA-4BFB-ABCC-588B57F80446}.Release|Any CPU.Build.0 = Release|Any CPU
		{989FCDB7-5B08-4624-AA18-76D1AD9F6AF7}.Debug|Any CPU.ActiveCfg = Debug|Any CPU
		{989FCDB7-5B08-4624-AA18-76D1AD9F6AF7}.Debug|Any CPU.Build.0 = Debug|Any CPU
		{989FCDB7-5B08-4624-AA18-76D1AD9F6AF7}.Release|Any CPU.ActiveCfg = Release|Any CPU
		{989FCDB7-5B08-4624-AA18-76D1AD9F6AF7}.Release|Any CPU.Build.0 = Release|Any CPU
		{FBF1C3D2-0E09-4FFE-81F0-882B3E89697E}.Debug|Any CPU.ActiveCfg = Debug|Any CPU
		{FBF1C3D2-0E09-4FFE-81F0-882B3E89697E}.Debug|Any CPU.Build.0 = Debug|Any CPU
		{FBF1C3D2-0E09-4FFE-81F0-882B3E89697E}.Release|Any CPU.ActiveCfg = Release|Any CPU
		{FBF1C3D2-0E09-4FFE-81F0-882B3E89697E}.Release|Any CPU.Build.0 = Release|Any CPU
		{E2F06F62-3059-4C95-AC02-AB46AB591D11}.Debug|Any CPU.ActiveCfg = Debug|Any CPU
		{E2F06F62-3059-4C95-AC02-AB46AB591D11}.Debug|Any CPU.Build.0 = Debug|Any CPU
		{E2F06F62-3059-4C95-AC02-AB46AB591D11}.Release|Any CPU.ActiveCfg = Release|Any CPU
		{E2F06F62-3059-4C95-AC02-AB46AB591D11}.Release|Any CPU.Build.0 = Release|Any CPU
		{011865EE-C71C-43F1-B940-9A657383653C}.Debug|Any CPU.ActiveCfg = Debug|Any CPU
		{011865EE-C71C-43F1-B940-9A657383653C}.Debug|Any CPU.Build.0 = Debug|Any CPU
		{011865EE-C71C-43F1-B940-9A657383653C}.Release|Any CPU.ActiveCfg = Release|Any CPU
		{011865EE-C71C-43F1-B940-9A657383653C}.Release|Any CPU.Build.0 = Release|Any CPU
		{D2239D8E-4D64-4F97-A9B8-E27B30ED3E81}.Debug|Any CPU.ActiveCfg = Debug|Any CPU
		{D2239D8E-4D64-4F97-A9B8-E27B30ED3E81}.Debug|Any CPU.Build.0 = Debug|Any CPU
		{D2239D8E-4D64-4F97-A9B8-E27B30ED3E81}.Release|Any CPU.ActiveCfg = Release|Any CPU
		{D2239D8E-4D64-4F97-A9B8-E27B30ED3E81}.Release|Any CPU.Build.0 = Release|Any CPU
		{33D180C4-3C60-4D97-A609-0BA478971CC8}.Debug|Any CPU.ActiveCfg = Debug|Any CPU
		{33D180C4-3C60-4D97-A609-0BA478971CC8}.Debug|Any CPU.Build.0 = Debug|Any CPU
		{33D180C4-3C60-4D97-A609-0BA478971CC8}.Release|Any CPU.ActiveCfg = Release|Any CPU
		{33D180C4-3C60-4D97-A609-0BA478971CC8}.Release|Any CPU.Build.0 = Release|Any CPU
	EndGlobalSection
	GlobalSection(SolutionProperties) = preSolution
		HideSolutionNode = FALSE
	EndGlobalSection
	GlobalSection(NestedProjects) = preSolution
		{D5182C9D-7F12-485C-964D-37FBCB0D84A3} = {3F995F7B-3E60-44C0-B789-29C38D501EB6}
		{D6FF5647-022D-4584-B5B8-0DF3FFC76A34} = {4779829C-BED1-4A79-A7F2-A5BE12E3AAC7}
		{CF37E086-3F13-49A4-BD88-D92CA14B0270} = {A7024097-0D6C-43B7-BB0A-2735B227E32F}
		{263F5C2C-8702-4C8B-84ED-05882C077DC5} = {A7024097-0D6C-43B7-BB0A-2735B227E32F}
		{47923FE5-4756-4892-8E2F-7B70E91C15A0} = {A7024097-0D6C-43B7-BB0A-2735B227E32F}
		{47F493C7-BD33-413A-B1A8-C14092C68C93} = {3FFF5DAC-5255-42E1-8E3F-EF6D8A3D8F00}
		{3E83EB6C-EC3E-423F-A985-6580EDFDB85B} = {3FFF5DAC-5255-42E1-8E3F-EF6D8A3D8F00}
		{23DA1C0F-01EA-4BFB-ABCC-588B57F80446} = {3FFF5DAC-5255-42E1-8E3F-EF6D8A3D8F00}
		{989FCDB7-5B08-4624-AA18-76D1AD9F6AF7} = {6F413ECA-12FA-4EA8-8866-02B9DC9F96FA}
		{FBF1C3D2-0E09-4FFE-81F0-882B3E89697E} = {6F413ECA-12FA-4EA8-8866-02B9DC9F96FA}
		{E2F06F62-3059-4C95-AC02-AB46AB591D11} = {6F413ECA-12FA-4EA8-8866-02B9DC9F96FA}
		{011865EE-C71C-43F1-B940-9A657383653C} = {F96D8F40-8BCB-4F01-A525-BC4E65AF7A98}
		{D2239D8E-4D64-4F97-A9B8-E27B30ED3E81} = {F96D8F40-8BCB-4F01-A525-BC4E65AF7A98}
		{33D180C4-3C60-4D97-A609-0BA478971CC8} = {F96D8F40-8BCB-4F01-A525-BC4E65AF7A98}
	EndGlobalSection
	GlobalSection(ExtensibilityGlobals) = postSolution
		SolutionGuid = {3FA91D89-365F-45F4-BD6A-33DEEADD9CF2}
	EndGlobalSection
EndGlobal
